
Microsoft Visual Studio Solution File, Format Version 12.00
# Visual Studio Version 17
VisualStudioVersion = 17.3.32929.385
MinimumVisualStudioVersion = 10.0.40219.1
Project("{FAE04EC0-301F-11D3-BF4B-00C04F79EFBC}") = "exercicio2", "exercicio2.csproj", "{1740FD56-2353-4AC4-BB77-ADF473CB4879}"
EndProject
Global
	GlobalSection(SolutionConfigurationPlatforms) = preSolution
		Debug|Any CPU = Debug|Any CPU
		Release|Any CPU = Release|Any CPU
	EndGlobalSection
	GlobalSection(ProjectConfigurationPlatforms) = postSolution
		{1740FD56-2353-4AC4-BB77-ADF473CB4879}.Debug|Any CPU.ActiveCfg = Debug|Any CPU
		{1740FD56-2353-4AC4-BB77-ADF473CB4879}.Debug|Any CPU.Build.0 = Debug|Any CPU
		{1740FD56-2353-4AC4-BB77-ADF473CB4879}.Release|Any CPU.ActiveCfg = Release|Any CPU
		{1740FD56-2353-4AC4-BB77-ADF473CB4879}.Release|Any CPU.Build.0 = Release|Any CPU
	EndGlobalSection
	GlobalSection(SolutionProperties) = preSolution
		HideSolutionNode = FALSE
	EndGlobalSection
	GlobalSection(ExtensibilityGlobals) = postSolution
		SolutionGuid = {309B2A74-4F21-44DC-843A-7555562B9996}
	EndGlobalSection
EndGlobal
